// !$*UTF8*$!
{
	archiveVersion = 1;
	classes = {
	};
	objectVersion = 77;
	objects = {

/* Begin PBXContainerItemProxy section */
		20575F292F4EC87A00CD4E42 /* PBXContainerItemProxy */ = {
			isa = PBXContainerItemProxy;
			containerPortal = 20575F102F4EC87900CD4E42 /* Project object */;
			proxyType = 1;
			remoteGlobalIDString = 20575F172F4EC87900CD4E42;
			remoteInfo = StreamingCalendar;
		};
		20575F332F4EC87A00CD4E42 /* PBXContainerItemProxy */ = {
			isa = PBXContainerItemProxy;
			containerPortal = 20575F102F4EC87900CD4E42 /* Project object */;
			proxyType = 1;
			remoteGlobalIDString = 20575F172F4EC87900CD4E42;
			remoteInfo = StreamingCalendar;
		};
/* End PBXContainerItemProxy section */

/* Begin PBXFileReference section */
		20575F182F4EC87900CD4E42 /* StreamingCalendar.app */ = {isa = PBXFileReference; explicitFileType = wrapper.application; includeInIndex = 0; path = StreamingCalendar.app; sourceTree = BUILT_PRODUCTS_DIR; };
		20575F282F4EC87A00CD4E42 /* StreamingCalendarTests.xctest */ = {isa = PBXFileReference; explicitFileType = wrapper.cfbundle; includeInIndex = 0; path = StreamingCalendarTests.xctest; sourceTree = BUILT_PRODUCTS_DIR; };
		20575F322F4EC87A00CD4E42 /* StreamingCalendarUITests.xctest */ = {isa = PBXFileReference; explicitFileType = wrapper.cfbundle; includeInIndex = 0; path = StreamingCalendarUITests.xctest; sourceTree = BUILT_PRODUCTS_DIR; };
/* End PBXFileReference section */

/* Begin PBXFileSystemSynchronizedRootGroup section */
		20575F1A2F4EC87900CD4E42 /* StreamingCalendar */ = {
			isa = PBXFileSystemSynchronizedRootGroup;
			path = StreamingCalendar;
			sourceTree = "<group>";
		};
		20575F2B2F4EC87A00CD4E42 /* StreamingCalendarTests */ = {
			isa = PBXFileSystemSynchronizedRootGroup;
			path = StreamingCalendarTests;
			sourceTree = "<group>";
		};
		20575F352F4EC87A00CD4E42 /* StreamingCalendarUITests */ = {
			isa = PBXFileSystemSynchronizedRootGroup;
			path = StreamingCalendarUITests;
			sourceTree = "<group>";
		};
/* End PBXFileSystemSynchronizedRootGroup section */

/* Begin PBXFrameworksBuildPhase section */
		20575F152F4EC87900CD4E42 /* Frameworks */ = {
			isa = PBXFrameworksBuildPhase;
			buildActionMask = 2147483647;
			files = (
			);
			runOnlyForDeploymentPostprocessing = 0;
		};
		20575F252F4EC87A00CD4E42 /* Frameworks */ = {
			isa = PBXFrameworksBuildPhase;
			buildActionMask = 2147483647;
			files = (
			);
			runOnlyForDeploymentPostprocessing = 0;
		};
		20575F2F2F4EC87A00CD4E42 /* Frameworks */ = {
			isa = PBXFrameworksBuildPhase;
			buildActionMask = 2147483647;
			files = (
			);
			runOnlyForDeploymentPostprocessing = 0;
		};
/* End PBXFrameworksBuildPhase section */

/* Begin PBXGroup section */
		20575F0F2F4EC87900CD4E42 = {
			isa = PBXGroup;
			children = (
				20575F1A2F4EC87900CD4E42 /* StreamingCalendar */,
				20575F2B2F4EC87A00CD4E42 /* StreamingCalendarTests */,
				20575F352F4EC87A00CD4E42 /* StreamingCalendarUITests */,
				20575F192F4EC87900CD4E42 /* Products */,
			);
			sourceTree = "<group>";
		};
		20575F192F4EC87900CD4E42 /* Products */ = {
			isa = PBXGroup;
			children = (
				20575F182F4EC87900CD4E42 /* StreamingCalendar.app */,
				20575F282F4EC87A00CD4E42 /* StreamingCalendarTests.xctest */,
				20575F322F4EC87A00CD4E42 /* StreamingCalendarUITests.xctest */,
			);
			name = Products;
			sourceTree = "<group>";
		};
/* End PBXGroup section */

/* Begin PBXNativeTarget section */
		20575F172F4EC87900CD4E42 /* StreamingCalendar */ = {
			isa = PBXNativeTarget;
			buildConfigurationList = 20575F3C2F4EC87A00CD4E42 /* Build configuration list for PBXNativeTarget "StreamingCalendar" */;
			buildPhases = (
				20575F142F4EC87900CD4E42 /* Sources */,
				20575F152F4EC87900CD4E42 /* Frameworks */,
				20575F162F4EC87900CD4E42 /* Resources */,
			);
			buildRules = (
			);
			dependencies = (
			);
			fileSystemSynchronizedGroups = (
				20575F1A2F4EC87900CD4E42 /* StreamingCalendar */,
			);
			name = StreamingCalendar;
			packageProductDependencies = (
			);
			productName = StreamingCalendar;
			productReference = 20575F182F4EC87900CD4E42 /* StreamingCalendar.app */;
			productType = "com.apple.product-type.application";
		};
		20575F272F4EC87A00CD4E42 /* StreamingCalendarTests */ = {
			isa = PBXNativeTarget;
			buildConfigurationList = 20575F3F2F4EC87A00CD4E42 /* Build configuration list for PBXNativeTarget "StreamingCalendarTests" */;
			buildPhases = (
				20575F242F4EC87A00CD4E42 /* Sources */,
				20575F252F4EC87A00CD4E42 /* Frameworks */,
				20575F262F4EC87A00CD4E42 /* Resources */,
			);
			buildRules = (
			);
			dependencies = (
				20575F2A2F4EC87A00CD4E42 /* PBXTargetDependency */,
			);
			fileSystemSynchronizedGroups = (
				20575F2B2F4EC87A00CD4E42 /* StreamingCalendarTests */,
			);
			name = StreamingCalendarTests;
			packageProductDependencies = (
			);
			productName = StreamingCalendarTests;
			productReference = 20575F282F4EC87A00CD4E42 /* StreamingCalendarTests.xctest */;
			productType = "com.apple.product-type.bundle.unit-test";
		};
		20575F312F4EC87A00CD4E42 /* StreamingCalendarUITests */ = {
			isa = PBXNativeTarget;
			buildConfigurationList = 20575F422F4EC87A00CD4E42 /* Build configuration list for PBXNativeTarget "StreamingCalendarUITests" */;
			buildPhases = (
				20575F2E2F4EC87A00CD4E42 /* Sources */,
				20575F2F2F4EC87A00CD4E42 /* Frameworks */,
				20575F302F4EC87A00CD4E42 /* Resources */,
			);
			buildRules = (
			);
			dependencies = (
				20575F342F4EC87A00CD4E42 /* PBXTargetDependency */,
			);
			fileSystemSynchronizedGroups = (
				20575F352F4EC87A00CD4E42 /* StreamingCalendarUITests */,
			);
			name = StreamingCalendarUITests;
			packageProductDependencies = (
			);
			productName = StreamingCalendarUITests;
			productReference = 20575F322F4EC87A00CD4E42 /* StreamingCalendarUITests.xctest */;
			productType = "com.apple.product-type.bundle.ui-testing";
		};
/* End PBXNativeTarget section */

/* Begin PBXProject section */
		20575F102F4EC87900CD4E42 /* Project object */ = {
			isa = PBXProject;
			attributes = {
				BuildIndependentTargetsInParallel = 1;
				LastSwiftUpdateCheck = 1620;
				LastUpgradeCheck = 1620;
				TargetAttributes = {
					20575F172F4EC87900CD4E42 = {
						CreatedOnToolsVersion = 16.2;
					};
					20575F272F4EC87A00CD4E42 = {
						CreatedOnToolsVersion = 16.2;
						TestTargetID = 20575F172F4EC87900CD4E42;
					};
					20575F312F4EC87A00CD4E42 = {
						CreatedOnToolsVersion = 16.2;
						TestTargetID = 20575F172F4EC87900CD4E42;
					};
				};
			};
			buildConfigurationList = 20575F132F4EC87900CD4E42 /* Build configuration list for PBXProject "StreamingCalendar" */;
			developmentRegion = en;
			hasScannedForEncodings = 0;
			knownRegions = (
				en,
				Base,
			);
			mainGroup = 20575F0F2F4EC87900CD4E42;
			minimizedProjectReferenceProxies = 1;
			preferredProjectObjectVersion = 77;
			productRefGroup = 20575F192F4EC87900CD4E42 /* Products */;
			projectDirPath = "";
			projectRoot = "";
			targets = (
				20575F172F4EC87900CD4E42 /* StreamingCalendar */,
				20575F272F4EC87A00CD4E42 /* StreamingCalendarTests */,
				20575F312F4EC87A00CD4E42 /* StreamingCalendarUITests */,
			);
		};
/* End PBXProject section */

/* Begin PBXResourcesBuildPhase section */
		20575F162F4EC87900CD4E42 /* Resources */ = {
			isa = PBXResourcesBuildPhase;
			buildActionMask = 2147483647;
			files = (
			);
			runOnlyForDeploymentPostprocessing = 0;
		};
		20575F262F4EC87A00CD4E42 /* Resources */ = {
			isa = PBXResourcesBuildPhase;
			buildActionMask = 2147483647;
			files = (
			);
			runOnlyForDeploymentPostprocessing = 0;
		};
		20575F302F4EC87A00CD4E42 /* Resources */ = {
			isa = PBXResourcesBuildPhase;
			buildActionMask = 2147483647;
			files = (
			);
			runOnlyForDeploymentPostprocessing = 0;
		};
/* End PBXResourcesBuildPhase section */

/* Begin PBXSourcesBuildPhase section */
		20575F142F4EC87900CD4E42 /* Sources */ = {
			isa = PBXSourcesBuildPhase;
			buildActionMask = 2147483647;
			files = (
			);
			runOnlyForDeploymentPostprocessing = 0;
		};
		20575F242F4EC87A00CD4E42 /* Sources */ = {
			isa = PBXSourcesBuildPhase;
			buildActionMask = 2147483647;
			files = (
			);
			runOnlyForDeploymentPostprocessing = 0;
		};
		20575F2E2F4EC87A00CD4E42 /* Sources */ = {
			isa = PBXSourcesBuildPhase;
			buildActionMask = 2147483647;
			files = (
			);
			runOnlyForDeploymentPostprocessing = 0;
		};
/* End PBXSourcesBuildPhase section */

/* Begin PBXTargetDependency section */
		20575F2A2F4EC87A00CD4E42 /* PBXTargetDependency */ = {
			isa = PBXTargetDependency;
			target = 20575F172F4EC87900CD4E42 /* StreamingCalendar */;
			targetProxy = 20575F292F4EC87A00CD4E42 /* PBXContainerItemProxy */;
		};
		20575F342F4EC87A00CD4E42 /* PBXTargetDependency */ = {
			isa = PBXTargetDependency;
			target = 20575F172F4EC87900CD4E42 /* StreamingCalendar */;
			targetProxy = 20575F332F4EC87A00CD4E42 /* PBXContainerItemProxy */;
		};
/* End PBXTargetDependency section */

/* Begin XCBuildConfiguration section */
		20575F3A2F4EC87A00CD4E42 /* Debug */ = {
			isa = XCBuildConfiguration;
			buildSettings = {
				ALWAYS_SEARCH_USER_PATHS = NO;
				ASSETCATALOG_COMPILER_GENERATE_SWIFT_ASSET_SYMBOL_EXTENSIONS = YES;
				CLANG_ANALYZER_NONNULL = YES;
				CLANG_ANALYZER_NUMBER_OBJECT_CONVERSION = YES_AGGRESSIVE;
				CLANG_CXX_LANGUAGE_STANDARD = "gnu++20";
				CLANG_ENABLE_MODULES = YES;
				CLANG_ENABLE_OBJC_ARC = YES;
				CLANG_ENABLE_OBJC_WEAK = YES;
				CLANG_WARN_BLOCK_CAPTURE_AUTORELEASING = YES;
				CLANG_WARN_BOOL_CONVERSION = YES;
				CLANG_WARN_COMMA = YES;
				CLANG_WARN_CONSTANT_CONVERSION = YES;
				CLANG_WARN_DEPRECATED_OBJC_IMPLEMENTATIONS = YES;
				CLANG_WARN_DIRECT_OBJC_ISA_USAGE = YES_ERROR;
				CLANG_WARN_DOCUMENTATION_COMMENTS = YES;
				CLANG_WARN_EMPTY_BODY = YES;
				CLANG_WARN_ENUM_CONVERSION = YES;
				CLANG_WARN_INFINITE_RECURSION = YES;
				CLANG_WARN_INT_CONVERSION = YES;
				CLANG_WARN_NON_LITERAL_NULL_CONVERSION = YES;
				CLANG_WARN_OBJC_IMPLICIT_RETAIN_SELF = YES;
				CLANG_WARN_OBJC_LITERAL_CONVERSION = YES;
				CLANG_WARN_OBJC_ROOT_CLASS = YES_ERROR;
				CLANG_WARN_QUOTED_INCLUDE_IN_FRAMEWORK_HEADER = YES;
				CLANG_WARN_RANGE_LOOP_ANALYSIS = YES;
				CLANG_WARN_STRICT_PROTOTYPES = YES;
				CLANG_WARN_SUSPICIOUS_MOVE = YES;
				CLANG_WARN_UNGUARDED_AVAILABILITY = YES_AGGRESSIVE;
				CLANG_WARN_UNREACHABLE_CODE = YES;
				CLANG_WARN__DUPLICATE_METHOD_MATCH = YES;
				COPY_PHASE_STRIP = NO;
				DEBUG_INFORMATION_FORMAT = dwarf;
				ENABLE_STRICT_OBJC_MSGSEND = YES;
				ENABLE_TESTABILITY = YES;
				ENABLE_USER_SCRIPT_SANDBOXING = YES;
				GCC_C_LANGUAGE_STANDARD = gnu17;
				GCC_DYNAMIC_NO_PIC = NO;
				GCC_NO_COMMON_BLOCKS = YES;
				GCC_OPTIMIZATION_LEVEL = 0;
				GCC_PREPROCESSOR_DEFINITIONS = (
					"DEBUG=1",
					"$(inherited)",
				);
				GCC_WARN_64_TO_32_BIT_CONVERSION = YES;
				GCC_WARN_ABOUT_RETURN_TYPE = YES_ERROR;
				GCC_WARN_UNDECLARED_SELECTOR = YES;
				GCC_WARN_UNINITIALIZED_AUTOS = YES_AGGRESSIVE;
				GCC_WARN_UNUSED_FUNCTION = YES;
				GCC_WARN_UNUSED_VARIABLE = YES;
				IPHONEOS_DEPLOYMENT_TARGET = 18.2;
				LOCALIZATION_PREFERS_STRING_CATALOGS = YES;
				MTL_ENABLE_DEBUG_INFO = INCLUDE_SOURCE;
				MTL_FAST_MATH = YES;
				ONLY_ACTIVE_ARCH = YES;
				SDKROOT = iphoneos;
				SWIFT_ACTIVE_COMPILATION_CONDITIONS = "DEBUG $(inherited)";
				SWIFT_OPTIMIZATION_LEVEL = "-Onone";
			};
			name = Debug;
		};
		20575F3B2F4EC87A00CD4E42 /* Release */ = {
			isa = XCBuildConfiguration;
			buildSettings = {
				ALWAYS_SEARCH_USER_PATHS = NO;
				ASSETCATALOG_COMPILER_GENERATE_SWIFT_ASSET_SYMBOL_EXTENSIONS = YES;
				CLANG_ANALYZER_NONNULL = YES;
				CLANG_ANALYZER_NUMBER_OBJECT_CONVERSION = YES_AGGRESSIVE;
				CLANG_CXX_LANGUAGE_STANDARD = "gnu++20";
				CLANG_ENABLE_MODULES = YES;
				CLANG_ENABLE_OBJC_ARC = YES;
				CLANG_ENABLE_OBJC_WEAK = YES;
				CLANG_WARN_BLOCK_CAPTURE_AUTORELEASING = YES;
				CLANG_WARN_BOOL_CONVERSION = YES;
				CLANG_WARN_COMMA = YES;
				CLANG_WARN_CONSTANT_CONVERSION = YES;
				CLANG_WARN_DEPRECATED_OBJC_IMPLEMENTATIONS = YES;
				CLANG_WARN_DIRECT_OBJC_ISA_USAGE = YES_ERROR;
				CLANG_WARN_DOCUMENTATION_COMMENTS = YES;
				CLANG_WARN_EMPTY_BODY = YES;
				CLANG_WARN_ENUM_CONVERSION = YES;
				CLANG_WARN_INFINITE_RECURSION = YES;
				CLANG_WARN_INT_CONVERSION = YES;
				CLANG_WARN_NON_LITERAL_NULL_CONVERSION = YES;
				CLANG_WARN_OBJC_IMPLICIT_RETAIN_SELF = YES;
				CLANG_WARN_OBJC_LITERAL_CONVERSION = YES;
				CLANG_WARN_OBJC_ROOT_CLASS = YES_ERROR;
				CLANG_WARN_QUOTED_INCLUDE_IN_FRAMEWORK_HEADER = YES;
				CLANG_WARN_RANGE_LOOP_ANALYSIS = YES;
				CLANG_WARN_STRICT_PROTOTYPES = YES;
				CLANG_WARN_SUSPICIOUS_MOVE = YES;
				CLANG_WARN_UNGUARDED_AVAILABILITY = YES_AGGRESSIVE;
				CLANG_WARN_UNREACHABLE_CODE = YES;
				CLANG_WARN__DUPLICATE_METHOD_MATCH = YES;
				COPY_PHASE_STRIP = NO;
				DEBUG_INFORMATION_FORMAT = "dwarf-with-dsym";
				ENABLE_NS_ASSERTIONS = NO;
				ENABLE_STRICT_OBJC_MSGSEND = YES;
				ENABLE_USER_SCRIPT_SANDBOXING = YES;
				GCC_C_LANGUAGE_STANDARD = gnu17;
				GCC_NO_COMMON_BLOCKS = YES;
				GCC_WARN_64_TO_32_BIT_CONVERSION = YES;
				GCC_WARN_ABOUT_RETURN_TYPE = YES_ERROR;
				GCC_WARN_UNDECLARED_SELECTOR = YES;
				GCC_WARN_UNINITIALIZED_AUTOS = YES_AGGRESSIVE;
				GCC_WARN_UNUSED_FUNCTION = YES;
				GCC_WARN_UNUSED_VARIABLE = YES;
				IPHONEOS_DEPLOYMENT_TARGET = 18.2;
				LOCALIZATION_PREFERS_STRING_CATALOGS = YES;
				MTL_ENABLE_DEBUG_INFO = NO;
				MTL_FAST_MATH = YES;
				SDKROOT = iphoneos;
				SWIFT_COMPILATION_MODE = wholemodule;
				VALIDATE_PRODUCT = YES;
			};
			name = Release;
		};
		20575F3D2F4EC87A00CD4E42 /* Debug */ = {
			isa = XCBuildConfiguration;
			buildSettings = {
				ASSETCATALOG_COMPILER_APPICON_NAME = AppIcon;
				ASSETCATALOG_COMPILER_GLOBAL_ACCENT_COLOR_NAME = AccentColor;
				CODE_SIGN_STYLE = Automatic;
				CURRENT_PROJECT_VERSION = 1;
				DEVELOPMENT_ASSET_PATHS = "\"StreamingCalendar/Preview Content\"";
				DEVELOPMENT_TEAM = 32DGWMNYYJ;
				ENABLE_PREVIEWS = YES;
				GENERATE_INFOPLIST_FILE = YES;
				INFOPLIST_KEY_UIApplicationSceneManifest_Generation = YES;
				INFOPLIST_KEY_UIApplicationSupportsIndirectInputEvents = YES;
				INFOPLIST_KEY_UILaunchScreen_Generation = YES;
				INFOPLIST_KEY_UISupportedInterfaceOrientations_iPad = "UIInterfaceOrientationPortrait UIInterfaceOrientationPortraitUpsideDown UIInterfaceOrientationLandscapeLeft UIInterfaceOrientationLandscapeRight";
				INFOPLIST_KEY_UISupportedInterfaceOrientations_iPhone = "UIInterfaceOrientationPortrait UIInterfaceOrientationLandscapeLeft UIInterfaceOrientationLandscapeRight";
				LD_RUNPATH_SEARCH_PATHS = (
					"$(inherited)",
					"@executable_path/Frameworks",
				);
				MARKETING_VERSION = 1.0;
				PRODUCT_BUNDLE_IDENTIFIER = cs456.StreamingCalendar;
				PRODUCT_NAME = "$(TARGET_NAME)";
				SWIFT_EMIT_LOC_STRINGS = YES;
				SWIFT_VERSION = 5.0;
				TARGETED_DEVICE_FAMILY = "1,2";
			};
			name = Debug;
		};
		20575F3E2F4EC87A00CD4E42 /* Release */ = {
			isa = XCBuildConfiguration;
			buildSettings = {
				ASSETCATALOG_COMPILER_APPICON_NAME = AppIcon;
				ASSETCATALOG_COMPILER_GLOBAL_ACCENT_COLOR_NAME = AccentColor;
				CODE_SIGN_STYLE = Automatic;
				CURRENT_PROJECT_VERSION = 1;
				DEVELOPMENT_ASSET_PATHS = "\"StreamingCalendar/Preview Content\"";
				DEVELOPMENT_TEAM = 32DGWMNYYJ;
				ENABLE_PREVIEWS = YES;
				GENERATE_INFOPLIST_FILE = YES;
				INFOPLIST_KEY_UIApplicationSceneManifest_Generation = YES;
				INFOPLIST_KEY_UIApplicationSupportsIndirectInputEvents = YES;
				INFOPLIST_KEY_UILaunchScreen_Generation = YES;
				INFOPLIST_KEY_UISupportedInterfaceOrientations_iPad = "UIInterfaceOrientationPortrait UIInterfaceOrientationPortraitUpsideDown UIInterfaceOrientationLandscapeLeft UIInterfaceOrientationLandscapeRight";
				INFOPLIST_KEY_UISupportedInterfaceOrientations_iPhone = "UIInterfaceOrientationPortrait UIInterfaceOrientationLandscapeLeft UIInterfaceOrientationLandscapeRight";
				LD_RUNPATH_SEARCH_PATHS = (
					"$(inherited)",
					"@executable_path/Frameworks",
				);
				MARKETING_VERSION = 1.0;
				PRODUCT_BUNDLE_IDENTIFIER = cs456.StreamingCalendar;
				PRODUCT_NAME = "$(TARGET_NAME)";
				SWIFT_EMIT_LOC_STRINGS = YES;
				SWIFT_VERSION = 5.0;
				TARGETED_DEVICE_FAMILY = "1,2";
			};
			name = Release;
		};
		20575F402F4EC87A00CD4E42 /* Debug */ = {
			isa = XCBuildConfiguration;
			buildSettings = {
				BUNDLE_LOADER = "$(TEST_HOST)";
				CODE_SIGN_STYLE = Automatic;
				CURRENT_PROJECT_VERSION = 1;
				DEVELOPMENT_TEAM = 32DGWMNYYJ;
				GENERATE_INFOPLIST_FILE = YES;
				IPHONEOS_DEPLOYMENT_TARGET = 18.2;
				MARKETING_VERSION = 1.0;
				PRODUCT_BUNDLE_IDENTIFIER = cs456.StreamingCalendarTests;
				PRODUCT_NAME = "$(TARGET_NAME)";
				SWIFT_EMIT_LOC_STRINGS = NO;
				SWIFT_VERSION = 5.0;
				TARGETED_DEVICE_FAMILY = "1,2";
				TEST_HOST = "$(BUILT_PRODUCTS_DIR)/StreamingCalendar.app/$(BUNDLE_EXECUTABLE_FOLDER_PATH)/StreamingCalendar";
			};
			name = Debug;
		};
		20575F412F4EC87A00CD4E42 /* Release */ = {
			isa = XCBuildConfiguration;
			buildSettings = {
				BUNDLE_LOADER = "$(TEST_HOST)";
				CODE_SIGN_STYLE = Automatic;
				CURRENT_PROJECT_VERSION = 1;
				DEVELOPMENT_TEAM = 32DGWMNYYJ;
				GENERATE_INFOPLIST_FILE = YES;
				IPHONEOS_DEPLOYMENT_TARGET = 18.2;
				MARKETING_VERSION = 1.0;
				PRODUCT_BUNDLE_IDENTIFIER = cs456.StreamingCalendarTests;
				PRODUCT_NAME = "$(TARGET_NAME)";
				SWIFT_EMIT_LOC_STRINGS = NO;
				SWIFT_VERSION = 5.0;
				TARGETED_DEVICE_FAMILY = "1,2";
				TEST_HOST = "$(BUILT_PRODUCTS_DIR)/StreamingCalendar.app/$(BUNDLE_EXECUTABLE_FOLDER_PATH)/StreamingCalendar";
			};
			name = Release;
		};
		20575F432F4EC87A00CD4E42 /* Debug */ = {
			isa = XCBuildConfiguration;
			buildSettings = {
				CODE_SIGN_STYLE = Automatic;
				CURRENT_PROJECT_VERSION = 1;
				DEVELOPMENT_TEAM = 32DGWMNYYJ;
				GENERATE_INFOPLIST_FILE = YES;
				MARKETING_VERSION = 1.0;
				PRODUCT_BUNDLE_IDENTIFIER = cs456.StreamingCalendarUITests;
				PRODUCT_NAME = "$(TARGET_NAME)";
				SWIFT_EMIT_LOC_STRINGS = NO;
				SWIFT_VERSION = 5.0;
				TARGETED_DEVICE_FAMILY = "1,2";
				TEST_TARGET_NAME = StreamingCalendar;
			};
			name = Debug;
		};
		20575F442F4EC87A00CD4E42 /* Release */ = {
			isa = XCBuildConfiguration;
			buildSettings = {
				CODE_SIGN_STYLE = Automatic;
				CURRENT_PROJECT_VERSION = 1;
				DEVELOPMENT_TEAM = 32DGWMNYYJ;
				GENERATE_INFOPLIST_FILE = YES;
				MARKETING_VERSION = 1.0;
				PRODUCT_BUNDLE_IDENTIFIER = cs456.StreamingCalendarUITests;
				PRODUCT_NAME = "$(TARGET_NAME)";
				SWIFT_EMIT_LOC_STRINGS = NO;
				SWIFT_VERSION = 5.0;
				TARGETED_DEVICE_FAMILY = "1,2";
				TEST_TARGET_NAME = StreamingCalendar;
			};
			name = Release;
		};
/* End XCBuildConfiguration section */

/* Begin XCConfigurationList section */
		20575F132F4EC87900CD4E42 /* Build configuration list for PBXProject "StreamingCalendar" */ = {
			isa = XCConfigurationList;
			buildConfigurations = (
				20575F3A2F4EC87A00CD4E42 /* Debug */,
				20575F3B2F4EC87A00CD4E42 /* Release */,
			);
			defaultConfigurationIsVisible = 0;
			defaultConfigurationName = Release;
		};
		20575F3C2F4EC87A00CD4E42 /* Build configuration list for PBXNativeTarget "StreamingCalendar" */ = {
			isa = XCConfigurationList;
			buildConfigurations = (
				20575F3D2F4EC87A00CD4E42 /* Debug */,
				20575F3E2F4EC87A00CD4E42 /* Release */,
			);
			defaultConfigurationIsVisible = 0;
			defaultConfigurationName = Release;
		};
		20575F3F2F4EC87A00CD4E42 /* Build configuration list for PBXNativeTarget "StreamingCalendarTests" */ = {
			isa = XCConfigurationList;
			buildConfigurations = (
				20575F402F4EC87A00CD4E42 /* Debug */,
				20575F412F4EC87A00CD4E42 /* Release */,
			);
			defaultConfigurationIsVisible = 0;
			defaultConfigurationName = Release;
		};
		20575F422F4EC87A00CD4E42 /* Build configuration list for PBXNativeTarget "StreamingCalendarUITests" */ = {
			isa = XCConfigurationList;
			buildConfigurations = (
				20575F432F4EC87A00CD4E42 /* Debug */,
				20575F442F4EC87A00CD4E42 /* Release */,
			);
			defaultConfigurationIsVisible = 0;
			defaultConfigurationName = Release;
		};
/* End XCConfigurationList section */
	};
	rootObject = 20575F102F4EC87900CD4E42 /* Project object */;
}
